{
    "name": "fortah-electron-library",
    "version": "1.0.0",
    "lockfileVersion": 2,
    "requires": true,
    "packages": {
        "": {
            "name": "fortah-electron-library",
            "version": "1.0.0",
            "license": "ISC",
            "dependencies": {
                "fortah-core-library": "file:../FortahCoreLibrary",
                "fortah-html-library": "file:../FortahHTMLLibrary"
            }
        },
        "../FortahCoreLibrary": {
            "name": "fortah-core-library",
            "version": "1.1.2",
            "license": "ISC",
            "dependencies": {
                "uuid": "^8.3.2"
            }
        },
        "../FortahHTMLLibrary": {},
        "node_modules/fortah-core-library": {
            "resolved": "../FortahCoreLibrary",
            "link": true
        },
        "node_modules/fortah-html-library": {
            "resolved": "../FortahHTMLLibrary",
            "link": true
        }
    },
    "dependencies": {
        "fortah-core-library": {
            "version": "file:../FortahCoreLibrary",
            "requires": {
                "uuid": "^8.3.2"
            }
        },
        "fortah-html-library": {
            "version": "file:../FortahHTMLLibrary"
        }
    }
}
