{
    "name": "fortah-electron-library",
    "version": "1.0.0",
    "lockfileVersion": 2,
    "requires": true,
    "packages": {
        "": {
            "name": "fortah-electron-library",
            "version": "1.0.0",
            "license": "ISC",
            "dependencies": {
                "fortah-core-library": "file:lib/FortahCoreLibrary"
            }
        },
        "../FortahCoreLibrary": {
            "name": "fortah-core-library",
            "version": "1.1.1",
            "extraneous": true,
            "license": "ISC",
            "dependencies": {
                "uuid": "^8.3.2"
            }
        },
        "lib/FortahCoreLibrary": {
            "name": "fortah-core-library",
            "version": "1.1.1",
            "license": "ISC",
            "dependencies": {
                "uuid": "^8.3.2"
            }
        },
        "node_modules/fortah-core-library": {
            "resolved": "lib/FortahCoreLibrary",
            "link": true
        },
        "node_modules/uuid": {
            "version": "8.3.2",
            "resolved": "https://registry.npmjs.org/uuid/-/uuid-8.3.2.tgz",
            "integrity": "sha512-+NYs2QeMWy+GWFOEm9xnn6HCDp0l7QBD7ml8zLUmJ+93Q5NF0NocErnwkTkXVFNiX3/fpC6afS8Dhb/gz7R7eg==",
            "bin": {
                "uuid": "dist/bin/uuid"
            }
        }
    },
    "dependencies": {
        "fortah-core-library": {
            "version": "file:lib/FortahCoreLibrary",
            "requires": {
                "uuid": "^8.3.2"
            }
        },
        "uuid": {
            "version": "8.3.2",
            "resolved": "https://registry.npmjs.org/uuid/-/uuid-8.3.2.tgz",
            "integrity": "sha512-+NYs2QeMWy+GWFOEm9xnn6HCDp0l7QBD7ml8zLUmJ+93Q5NF0NocErnwkTkXVFNiX3/fpC6afS8Dhb/gz7R7eg=="
        }
    }
}
